
Microsoft Visual Studio Solution File, Format Version 12.00
# Visual Studio Version 17
VisualStudioVersion = 17.1.32328.378
MinimumVisualStudioVersion = 10.0.40219.1
Project("{9A19103F-16F7-4668-BE54-9A1E7A4F7556}") = "ChartApp", "DoThis\ChartApp.csproj", "{5601D8FB-ACCE-43F4-BE6B-E981CEC4B971}"
EndProject
Project("{9A19103F-16F7-4668-BE54-9A1E7A4F7556}") = "CargoSupport.Akka.Typed", "..\CargoSupport.Akka.Typed\CargoSupport.Akka.Typed.csproj", "{24D088FB-B89C-4C55-895E-6E67BB8ABCE3}"
EndProject
Project("{2150E333-8FDC-42A3-9474-1A3956D46DE8}") = "lesson1", "lesson1", "{AA3FF2BE-EFD0-412F-8525-C7A07D5EA799}"
	ProjectSection(SolutionItems) = preProject
		lesson1\README.md = lesson1\README.md
	EndProjectSection
EndProject
Project("{2150E333-8FDC-42A3-9474-1A3956D46DE8}") = "DoThis", "DoThis", "{31379C83-DAA7-4F8F-8D71-718DBC16C336}"
	ProjectSection(SolutionItems) = preProject
		README.md = README.md
	EndProjectSection
EndProject
Project("{9A19103F-16F7-4668-BE54-9A1E7A4F7556}") = "ChartApp", "lesson1\Completed\ChartApp.csproj", "{E3768243-A3B4-4F23-BF82-32339B67F637}"
EndProject
Project("{2150E333-8FDC-42A3-9474-1A3956D46DE8}") = "completed", "completed", "{6B79DCF8-72FB-40BD-BC28-8C6EECF65AA7}"
EndProject
Project("{2150E333-8FDC-42A3-9474-1A3956D46DE8}") = "lesson2", "lesson2", "{E23662E7-1179-47D3-B342-D2D5716BE48D}"
	ProjectSection(SolutionItems) = preProject
		lesson2\README.md = lesson2\README.md
	EndProjectSection
EndProject
Project("{2150E333-8FDC-42A3-9474-1A3956D46DE8}") = "completed", "completed", "{02454A0A-9B1B-4D88-B5E2-B944A0804991}"
EndProject
Project("{9A19103F-16F7-4668-BE54-9A1E7A4F7556}") = "ChartApp", "lesson2\Completed\ChartApp.csproj", "{561945F3-6DF4-40A9-89B2-900C623E37F8}"
EndProject
Project("{2150E333-8FDC-42A3-9474-1A3956D46DE8}") = "lesson3", "lesson3", "{C8405819-AAF0-45BA-BC6D-BB4848735D66}"
	ProjectSection(SolutionItems) = preProject
		lesson3\README.md = lesson3\README.md
	EndProjectSection
EndProject
Project("{FAE04EC0-301F-11D3-BF4B-00C04F79EFBC}") = "TsAluDemo", "TsAluDemo\TsAluDemo.csproj", "{1E8AD3BD-3CD1-4FB9-BD44-92514067616E}"
EndProject
Project("{2150E333-8FDC-42A3-9474-1A3956D46DE8}") = "Solution Items", "Solution Items", "{1020415F-8E66-4F00-8443-AF8DBB4CBC6C}"
	ProjectSection(SolutionItems) = preProject
		.editorconfig = .editorconfig
	EndProjectSection
EndProject
Global
	GlobalSection(SolutionConfigurationPlatforms) = preSolution
		Debug|Any CPU = Debug|Any CPU
		Release|Any CPU = Release|Any CPU
	EndGlobalSection
	GlobalSection(ProjectConfigurationPlatforms) = postSolution
		{5601D8FB-ACCE-43F4-BE6B-E981CEC4B971}.Debug|Any CPU.ActiveCfg = Debug|Any CPU
		{5601D8FB-ACCE-43F4-BE6B-E981CEC4B971}.Debug|Any CPU.Build.0 = Debug|Any CPU
		{5601D8FB-ACCE-43F4-BE6B-E981CEC4B971}.Release|Any CPU.ActiveCfg = Release|Any CPU
		{5601D8FB-ACCE-43F4-BE6B-E981CEC4B971}.Release|Any CPU.Build.0 = Release|Any CPU
		{24D088FB-B89C-4C55-895E-6E67BB8ABCE3}.Debug|Any CPU.ActiveCfg = Debug|Any CPU
		{24D088FB-B89C-4C55-895E-6E67BB8ABCE3}.Debug|Any CPU.Build.0 = Debug|Any CPU
		{24D088FB-B89C-4C55-895E-6E67BB8ABCE3}.Release|Any CPU.ActiveCfg = Release|Any CPU
		{24D088FB-B89C-4C55-895E-6E67BB8ABCE3}.Release|Any CPU.Build.0 = Release|Any CPU
		{E3768243-A3B4-4F23-BF82-32339B67F637}.Debug|Any CPU.ActiveCfg = Debug|Any CPU
		{E3768243-A3B4-4F23-BF82-32339B67F637}.Debug|Any CPU.Build.0 = Debug|Any CPU
		{E3768243-A3B4-4F23-BF82-32339B67F637}.Release|Any CPU.ActiveCfg = Release|Any CPU
		{E3768243-A3B4-4F23-BF82-32339B67F637}.Release|Any CPU.Build.0 = Release|Any CPU
		{561945F3-6DF4-40A9-89B2-900C623E37F8}.Debug|Any CPU.ActiveCfg = Debug|Any CPU
		{561945F3-6DF4-40A9-89B2-900C623E37F8}.Debug|Any CPU.Build.0 = Debug|Any CPU
		{561945F3-6DF4-40A9-89B2-900C623E37F8}.Release|Any CPU.ActiveCfg = Release|Any CPU
		{561945F3-6DF4-40A9-89B2-900C623E37F8}.Release|Any CPU.Build.0 = Release|Any CPU
		{1E8AD3BD-3CD1-4FB9-BD44-92514067616E}.Debug|Any CPU.ActiveCfg = Debug|Any CPU
		{1E8AD3BD-3CD1-4FB9-BD44-92514067616E}.Debug|Any CPU.Build.0 = Debug|Any CPU
		{1E8AD3BD-3CD1-4FB9-BD44-92514067616E}.Release|Any CPU.ActiveCfg = Release|Any CPU
		{1E8AD3BD-3CD1-4FB9-BD44-92514067616E}.Release|Any CPU.Build.0 = Release|Any CPU
	EndGlobalSection
	GlobalSection(SolutionProperties) = preSolution
		HideSolutionNode = FALSE
	EndGlobalSection
	GlobalSection(NestedProjects) = preSolution
		{5601D8FB-ACCE-43F4-BE6B-E981CEC4B971} = {31379C83-DAA7-4F8F-8D71-718DBC16C336}
		{24D088FB-B89C-4C55-895E-6E67BB8ABCE3} = {31379C83-DAA7-4F8F-8D71-718DBC16C336}
		{E3768243-A3B4-4F23-BF82-32339B67F637} = {6B79DCF8-72FB-40BD-BC28-8C6EECF65AA7}
		{6B79DCF8-72FB-40BD-BC28-8C6EECF65AA7} = {AA3FF2BE-EFD0-412F-8525-C7A07D5EA799}
		{02454A0A-9B1B-4D88-B5E2-B944A0804991} = {E23662E7-1179-47D3-B342-D2D5716BE48D}
		{561945F3-6DF4-40A9-89B2-900C623E37F8} = {02454A0A-9B1B-4D88-B5E2-B944A0804991}
	EndGlobalSection
	GlobalSection(ExtensibilityGlobals) = postSolution
		SolutionGuid = {29800BA8-F484-4B4A-A8EA-6473894CDC8A}
	EndGlobalSection
EndGlobal
