
Microsoft Visual Studio Solution File, Format Version 12.00
# Visual Studio Version 17
VisualStudioVersion = 17.1.32328.378
MinimumVisualStudioVersion = 10.0.40219.1
Project("{2150E333-8FDC-42A3-9474-1A3956D46DE8}") = "DoThis", "DoThis", "{146D2320-E0ED-41BC-9AF9-80D6A69D06AB}"
EndProject
Project("{9A19103F-16F7-4668-BE54-9A1E7A4F7556}") = "WinTail", "DoThis\WinTail.csproj", "{CCE7366C-60DF-49BB-9A72-AB4416DC2C1D}"
EndProject
Project("{2150E333-8FDC-42A3-9474-1A3956D46DE8}") = "lesson1", "lesson1", "{01A198B2-289A-40C6-8F06-9A9635FCECFD}"
	ProjectSection(SolutionItems) = preProject
		lesson1\README.md = lesson1\README.md
	EndProjectSection
EndProject
Project("{9A19103F-16F7-4668-BE54-9A1E7A4F7556}") = "WinTail", "lesson1\Completed\WinTail.csproj", "{1D4B2BB5-5400-447C-96FD-DFD069CC9D45}"
EndProject
Project("{2150E333-8FDC-42A3-9474-1A3956D46DE8}") = "completed", "completed", "{F29CBD5E-4770-451B-91DE-C1128E2D4CBC}"
EndProject
Project("{2150E333-8FDC-42A3-9474-1A3956D46DE8}") = "lesson2", "lesson2", "{58360824-CDC8-489A-8CCA-CE3F756892C6}"
	ProjectSection(SolutionItems) = preProject
		lesson2\README.md = lesson2\README.md
	EndProjectSection
EndProject
Project("{2150E333-8FDC-42A3-9474-1A3956D46DE8}") = "completed", "completed", "{49E49E4B-7656-48F0-BB4B-09D68C812D43}"
EndProject
Project("{9A19103F-16F7-4668-BE54-9A1E7A4F7556}") = "WinTail", "lesson2\Completed\WinTail.csproj", "{248C89B7-860A-4F5D-82B0-38CEBC417851}"
EndProject
Project("{2150E333-8FDC-42A3-9474-1A3956D46DE8}") = "lesson3", "lesson3", "{8910DB99-3EC9-4084-B627-0CA5EE8316B3}"
	ProjectSection(SolutionItems) = preProject
		lesson3\README.md = lesson3\README.md
	EndProjectSection
EndProject
Project("{2150E333-8FDC-42A3-9474-1A3956D46DE8}") = "completed", "completed", "{0F76B0BE-3200-40A6-811D-FA3E4707F3BD}"
EndProject
Project("{9A19103F-16F7-4668-BE54-9A1E7A4F7556}") = "WinTail", "lesson3\Completed\WinTail.csproj", "{A487A8E9-735E-49F8-B15F-2F51F4BB7735}"
EndProject
Project("{2150E333-8FDC-42A3-9474-1A3956D46DE8}") = "lesson4", "lesson4", "{AAB128F3-CFAD-484A-9F11-336280BAB9B1}"
	ProjectSection(SolutionItems) = preProject
		lesson4\README.md = lesson4\README.md
	EndProjectSection
EndProject
Project("{2150E333-8FDC-42A3-9474-1A3956D46DE8}") = "completed", "completed", "{58509DF5-E4B2-4193-A8E2-7EB457C5E460}"
EndProject
Project("{9A19103F-16F7-4668-BE54-9A1E7A4F7556}") = "WinTail", "lesson4\Completed\WinTail.csproj", "{49000A94-F671-4E17-ABB5-FB6B54C4F9FA}"
EndProject
Project("{2150E333-8FDC-42A3-9474-1A3956D46DE8}") = "lesson5", "lesson5", "{14231A4D-D389-4580-A86C-C35F77383F94}"
	ProjectSection(SolutionItems) = preProject
		lesson5\README.md = lesson5\README.md
	EndProjectSection
EndProject
Project("{2150E333-8FDC-42A3-9474-1A3956D46DE8}") = "completed", "completed", "{9CCDBCDB-C32F-476A-8D24-D13C7F301426}"
EndProject
Project("{9A19103F-16F7-4668-BE54-9A1E7A4F7556}") = "WinTail", "lesson5\Completed\WinTail.csproj", "{BDA5645A-1B34-41BC-827E-9B08D126E4E3}"
EndProject
Project("{2150E333-8FDC-42A3-9474-1A3956D46DE8}") = "lesson6", "lesson6", "{47DD92E2-655D-4398-BECB-C41B7B4E4EE4}"
	ProjectSection(SolutionItems) = preProject
		lesson6\README.md = lesson6\README.md
	EndProjectSection
EndProject
Project("{2150E333-8FDC-42A3-9474-1A3956D46DE8}") = "completed", "completed", "{63106CB5-5D65-4A1F-830C-04D3DEA402CC}"
EndProject
Project("{9A19103F-16F7-4668-BE54-9A1E7A4F7556}") = "WinTail", "lesson6\Completed\WinTail.csproj", "{3CA4F28C-ED9A-4091-89D7-BD982F18C8AD}"
EndProject
Global
	GlobalSection(SolutionConfigurationPlatforms) = preSolution
		Debug|Any CPU = Debug|Any CPU
		Release|Any CPU = Release|Any CPU
	EndGlobalSection
	GlobalSection(ProjectConfigurationPlatforms) = postSolution
		{CCE7366C-60DF-49BB-9A72-AB4416DC2C1D}.Debug|Any CPU.ActiveCfg = Debug|Any CPU
		{CCE7366C-60DF-49BB-9A72-AB4416DC2C1D}.Debug|Any CPU.Build.0 = Debug|Any CPU
		{CCE7366C-60DF-49BB-9A72-AB4416DC2C1D}.Release|Any CPU.ActiveCfg = Release|Any CPU
		{CCE7366C-60DF-49BB-9A72-AB4416DC2C1D}.Release|Any CPU.Build.0 = Release|Any CPU
		{1D4B2BB5-5400-447C-96FD-DFD069CC9D45}.Debug|Any CPU.ActiveCfg = Debug|Any CPU
		{1D4B2BB5-5400-447C-96FD-DFD069CC9D45}.Debug|Any CPU.Build.0 = Debug|Any CPU
		{1D4B2BB5-5400-447C-96FD-DFD069CC9D45}.Release|Any CPU.ActiveCfg = Release|Any CPU
		{1D4B2BB5-5400-447C-96FD-DFD069CC9D45}.Release|Any CPU.Build.0 = Release|Any CPU
		{248C89B7-860A-4F5D-82B0-38CEBC417851}.Debug|Any CPU.ActiveCfg = Debug|Any CPU
		{248C89B7-860A-4F5D-82B0-38CEBC417851}.Debug|Any CPU.Build.0 = Debug|Any CPU
		{248C89B7-860A-4F5D-82B0-38CEBC417851}.Release|Any CPU.ActiveCfg = Release|Any CPU
		{248C89B7-860A-4F5D-82B0-38CEBC417851}.Release|Any CPU.Build.0 = Release|Any CPU
		{A487A8E9-735E-49F8-B15F-2F51F4BB7735}.Debug|Any CPU.ActiveCfg = Debug|Any CPU
		{A487A8E9-735E-49F8-B15F-2F51F4BB7735}.Debug|Any CPU.Build.0 = Debug|Any CPU
		{A487A8E9-735E-49F8-B15F-2F51F4BB7735}.Release|Any CPU.ActiveCfg = Release|Any CPU
		{A487A8E9-735E-49F8-B15F-2F51F4BB7735}.Release|Any CPU.Build.0 = Release|Any CPU
		{49000A94-F671-4E17-ABB5-FB6B54C4F9FA}.Debug|Any CPU.ActiveCfg = Debug|Any CPU
		{49000A94-F671-4E17-ABB5-FB6B54C4F9FA}.Debug|Any CPU.Build.0 = Debug|Any CPU
		{49000A94-F671-4E17-ABB5-FB6B54C4F9FA}.Release|Any CPU.ActiveCfg = Release|Any CPU
		{49000A94-F671-4E17-ABB5-FB6B54C4F9FA}.Release|Any CPU.Build.0 = Release|Any CPU
		{BDA5645A-1B34-41BC-827E-9B08D126E4E3}.Debug|Any CPU.ActiveCfg = Debug|Any CPU
		{BDA5645A-1B34-41BC-827E-9B08D126E4E3}.Debug|Any CPU.Build.0 = Debug|Any CPU
		{BDA5645A-1B34-41BC-827E-9B08D126E4E3}.Release|Any CPU.ActiveCfg = Release|Any CPU
		{BDA5645A-1B34-41BC-827E-9B08D126E4E3}.Release|Any CPU.Build.0 = Release|Any CPU
		{3CA4F28C-ED9A-4091-89D7-BD982F18C8AD}.Debug|Any CPU.ActiveCfg = Debug|Any CPU
		{3CA4F28C-ED9A-4091-89D7-BD982F18C8AD}.Debug|Any CPU.Build.0 = Debug|Any CPU
		{3CA4F28C-ED9A-4091-89D7-BD982F18C8AD}.Release|Any CPU.ActiveCfg = Release|Any CPU
		{3CA4F28C-ED9A-4091-89D7-BD982F18C8AD}.Release|Any CPU.Build.0 = Release|Any CPU
	EndGlobalSection
	GlobalSection(SolutionProperties) = preSolution
		HideSolutionNode = FALSE
	EndGlobalSection
	GlobalSection(NestedProjects) = preSolution
		{CCE7366C-60DF-49BB-9A72-AB4416DC2C1D} = {146D2320-E0ED-41BC-9AF9-80D6A69D06AB}
		{1D4B2BB5-5400-447C-96FD-DFD069CC9D45} = {F29CBD5E-4770-451B-91DE-C1128E2D4CBC}
		{F29CBD5E-4770-451B-91DE-C1128E2D4CBC} = {01A198B2-289A-40C6-8F06-9A9635FCECFD}
		{49E49E4B-7656-48F0-BB4B-09D68C812D43} = {58360824-CDC8-489A-8CCA-CE3F756892C6}
		{248C89B7-860A-4F5D-82B0-38CEBC417851} = {49E49E4B-7656-48F0-BB4B-09D68C812D43}
		{0F76B0BE-3200-40A6-811D-FA3E4707F3BD} = {8910DB99-3EC9-4084-B627-0CA5EE8316B3}
		{A487A8E9-735E-49F8-B15F-2F51F4BB7735} = {0F76B0BE-3200-40A6-811D-FA3E4707F3BD}
		{58509DF5-E4B2-4193-A8E2-7EB457C5E460} = {AAB128F3-CFAD-484A-9F11-336280BAB9B1}
		{49000A94-F671-4E17-ABB5-FB6B54C4F9FA} = {58509DF5-E4B2-4193-A8E2-7EB457C5E460}
		{9CCDBCDB-C32F-476A-8D24-D13C7F301426} = {14231A4D-D389-4580-A86C-C35F77383F94}
		{BDA5645A-1B34-41BC-827E-9B08D126E4E3} = {9CCDBCDB-C32F-476A-8D24-D13C7F301426}
		{63106CB5-5D65-4A1F-830C-04D3DEA402CC} = {47DD92E2-655D-4398-BECB-C41B7B4E4EE4}
		{3CA4F28C-ED9A-4091-89D7-BD982F18C8AD} = {63106CB5-5D65-4A1F-830C-04D3DEA402CC}
	EndGlobalSection
	GlobalSection(ExtensibilityGlobals) = postSolution
		SolutionGuid = {72414F7C-4B2B-47F2-81C7-960A642C9FB0}
	EndGlobalSection
EndGlobal
